# THIS IS AN AUTOGENERATED FILE. DO NOT EDIT THIS FILE DIRECTLY.
# yarn lockfile v1


"@types/node@^9.4.7":
  version "9.6.52"
  resolved "https://registry.yarnpkg.com/@types/node/-/node-9.6.52.tgz#ddba1f1fdaf1487a0a992ee238c43f5318ba5625"
  integrity sha512-d6UdHtc8HKe3NTruj9mHk2B8EiHZyuG/00aYbUedHvy9sBhtLAX1gaxSNgvcheOvIZavvmpJYlwfHjjxlU/Few==

fp-ts-contrib@^0.1.5:
  version "0.1.5"
  resolved "https://registry.yarnpkg.com/fp-ts-contrib/-/fp-ts-contrib-0.1.5.tgz#374d00f6bdb3ef2dac9a224db40d88a113f05038"
  integrity sha512-Ih134ht9uIbXr0kWH/YzheBD17mBPcKhFlqdU+YdZ2A9ViVKAhNhNg13A5hd7GKfBRJF6pgiridImwwxGV+xiQ==

fp-ts@^2.0.5:
  version "2.1.0"
  resolved "https://registry.yarnpkg.com/fp-ts/-/fp-ts-2.1.0.tgz#dac1b13ade6d52deb823bee53e99e3a804cc6e05"
  integrity sha512-2xTHhLuP0uLjpaHAARpGQ1TpIPqEUMu8fGN5jv8py0T+HgB6a4bV57p5EQoOyeHws4SuYxiUi2/m0isHs6F/cA==

io-ts@^2.0.1:
  version "2.0.1"
  resolved "https://registry.yarnpkg.com/io-ts/-/io-ts-2.0.1.tgz#1261c12f915c2f48d16393a36966636b48a45aa1"
  integrity sha512-RezD+WcCfW4VkMkEcQWL/Nmy/nqsWTvTYg7oUmTGzglvSSV2P9h2z1PVeREPFf0GWNzruYleAt1XCMQZSg1xxQ==

monocle-ts@^2.0.0:
  version "2.0.0"
  resolved "https://registry.yarnpkg.com/monocle-ts/-/monocle-ts-2.0.0.tgz#f695dbfb5b017846d95f0c377bd4c8acb10f7e02"
  integrity sha512-vPM02WypUz0Xo2MtLUPgvdelCRn70VT05pdAB7qmHJSNY4CAoQt3ClpH77AG3yZk7PY8CA6++ezHcENUDOiuEA==

tslib@^1.8.1:
  version "1.10.0"
  resolved "https://registry.yarnpkg.com/tslib/-/tslib-1.10.0.tgz#c3c19f95973fb0a62973fb09d90d961ee43e5c8a"
  integrity sha512-qOebF53frne81cf0S9B41ByenJ3/IuH8yJKngAX35CmiZySA0khhkovshKK+jGCaMnVomla7gVlIcc3EvKPbTQ==

tsutils@^3.17.1:
  version "3.17.1"
  resolved "https://registry.yarnpkg.com/tsutils/-/tsutils-3.17.1.tgz#ed719917f11ca0dee586272b2ac49e015a2dd759"
  integrity sha512-kzeQ5B8H3w60nFY2g8cJIuH7JDpsALXySGtwGJ0p2LSjLgay3NdIpqq5SoOBe46bKDW2iq25irHCr8wjomUS2g==
  dependencies:
    tslib "^1.8.1"

typescript@3.7.0-dev.20191013:
  version "3.7.0-dev.20191013"
  resolved "https://registry.yarnpkg.com/typescript/-/typescript-3.7.0-dev.20191013.tgz#a05c662f91826829ce8f68e02507a2efa40df1e9"
  integrity sha512-YQYixdtIJJT9sLjbmrZ5WXqABas3DfVzIFVQj9mT/NkU16k/7mtVnvJlk5O7UpiZ3N5QsPzyt0Isbmu0eu2imw==
